
Microsoft Visual Studio Solution File, Format Version 12.00
# Visual Studio Version 17
VisualStudioVersion = 17.14.36203.30 d17.14
MinimumVisualStudioVersion = 10.0.40219.1
Project("{FAE04EC0-301F-11D3-BF4B-00C04F79EFBC}") = "PigDiceGame", "PigDiceGame.csproj", "{95B07BA0-1D87-4D6E-9B96-272678BC913E}"
EndProject
Global
	GlobalSection(SolutionConfigurationPlatforms) = preSolution
		Debug|Any CPU = Debug|Any CPU
		Release|Any CPU = Release|Any CPU
	EndGlobalSection
	GlobalSection(ProjectConfigurationPlatforms) = postSolution
		{95B07BA0-1D87-4D6E-9B96-272678BC913E}.Debug|Any CPU.ActiveCfg = Debug|Any CPU
		{95B07BA0-1D87-4D6E-9B96-272678BC913E}.Debug|Any CPU.Build.0 = Debug|Any CPU
		{95B07BA0-1D87-4D6E-9B96-272678BC913E}.Release|Any CPU.ActiveCfg = Release|Any CPU
		{95B07BA0-1D87-4D6E-9B96-272678BC913E}.Release|Any CPU.Build.0 = Release|Any CPU
	EndGlobalSection
	GlobalSection(SolutionProperties) = preSolution
		HideSolutionNode = FALSE
	EndGlobalSection
	GlobalSection(ExtensibilityGlobals) = postSolution
		SolutionGuid = {40888FB5-49C7-4AC7-876E-B9E6AEC2877D}
	EndGlobalSection
EndGlobal
